// !$*UTF8*$!
{
	archiveVersion = 1;
	classes = {
	};
	objectVersion = 56;
	objects = {

/* Begin PBXBuildFile section */
		4A1619362A3086C300216277 /* View.swift in Sources */ = {isa = PBXBuildFile; fileRef = 4A1619352A3086C300216277 /* View.swift */; };
		4A216DF02A3B66AD0064BA15 /* Constants.swift in Sources */ = {isa = PBXBuildFile; fileRef = 4A216DEF2A3B66AD0064BA15 /* Constants.swift */; };
		4A2616212A3A3618007C93D2 /* CredentialsTextField.swift in Sources */ = {isa = PBXBuildFile; fileRef = 4A2616202A3A3618007C93D2 /* CredentialsTextField.swift */; };
		4A29F4E32A3377D4006B8862 /* ListCell.swift in Sources */ = {isa = PBXBuildFile; fileRef = 4A29F4E22A3377D4006B8862 /* ListCell.swift */; };
		4A4A90AF2A2B28C100B2362D /* Color.swift in Sources */ = {isa = PBXBuildFile; fileRef = 4A4A90AE2A2B28C100B2362D /* Color.swift */; };
		4A6577C82A1F777800A1E510 /* HabBuddyApp.swift in Sources */ = {isa = PBXBuildFile; fileRef = 4A6577C72A1F777800A1E510 /* HabBuddyApp.swift */; };
		4A6577CC2A1F777900A1E510 /* Assets.xcassets in Resources */ = {isa = PBXBuildFile; fileRef = 4A6577CB2A1F777900A1E510 /* Assets.xcassets */; };
		4A6577CF2A1F777900A1E510 /* Preview Assets.xcassets in Resources */ = {isa = PBXBuildFile; fileRef = 4A6577CE2A1F777900A1E510 /* Preview Assets.xcassets */; };
		4A70C67A2A3CD08600E401D4 /* BoardingSheet.swift in Sources */ = {isa = PBXBuildFile; fileRef = 4A70C6792A3CD08600E401D4 /* BoardingSheet.swift */; };
		4A7D77DA2A2A28C9003D4F57 /* ThingsListView.swift in Sources */ = {isa = PBXBuildFile; fileRef = 4A7D77D92A2A28C9003D4F57 /* ThingsListView.swift */; };
		4A7D77DC2A2A28D7003D4F57 /* ThingsListViewModel.swift in Sources */ = {isa = PBXBuildFile; fileRef = 4A7D77DB2A2A28D7003D4F57 /* ThingsListViewModel.swift */; };
		4A7D77DE2A2A28EA003D4F57 /* APIService.swift in Sources */ = {isa = PBXBuildFile; fileRef = 4A7D77DD2A2A28EA003D4F57 /* APIService.swift */; };
		4A7D77E02A2A290C003D4F57 /* Thing.swift in Sources */ = {isa = PBXBuildFile; fileRef = 4A7D77DF2A2A290C003D4F57 /* Thing.swift */; };
		4A8611512A38C4B800B4F5DF /* RequestGenerator.swift in Sources */ = {isa = PBXBuildFile; fileRef = 4A8611502A38C4B800B4F5DF /* RequestGenerator.swift */; };
		4AA846CD2A2B3A98001CE3A5 /* ViewModifiers.swift in Sources */ = {isa = PBXBuildFile; fileRef = 4AA846CC2A2B3A98001CE3A5 /* ViewModifiers.swift */; };
		4AA846CF2A2B757E001CE3A5 /* SettingsView.swift in Sources */ = {isa = PBXBuildFile; fileRef = 4AA846CE2A2B757E001CE3A5 /* SettingsView.swift */; };
		4AA846D22A2B7816001CE3A5 /* KeychainAccess in Frameworks */ = {isa = PBXBuildFile; productRef = 4AA846D12A2B7816001CE3A5 /* KeychainAccess */; };
		4AA846D42A2B7AE1001CE3A5 /* KeyChainManager.swift in Sources */ = {isa = PBXBuildFile; fileRef = 4AA846D32A2B7AE0001CE3A5 /* KeyChainManager.swift */; };
		4AB080C62A30F02B00E4701A /* RefreshTimerService.swift in Sources */ = {isa = PBXBuildFile; fileRef = 4AB080C52A30F02B00E4701A /* RefreshTimerService.swift */; };
/* End PBXBuildFile section */

/* Begin PBXFileReference section */
		4A1619352A3086C300216277 /* View.swift */ = {isa = PBXFileReference; lastKnownFileType = sourcecode.swift; path = View.swift; sourceTree = "<group>"; };
		4A216DEF2A3B66AD0064BA15 /* Constants.swift */ = {isa = PBXFileReference; lastKnownFileType = sourcecode.swift; path = Constants.swift; sourceTree = "<group>"; };
		4A2616202A3A3618007C93D2 /* CredentialsTextField.swift */ = {isa = PBXFileReference; lastKnownFileType = sourcecode.swift; path = CredentialsTextField.swift; sourceTree = "<group>"; };
		4A29F4E22A3377D4006B8862 /* ListCell.swift */ = {isa = PBXFileReference; lastKnownFileType = sourcecode.swift; path = ListCell.swift; sourceTree = "<group>"; };
		4A4A90AE2A2B28C100B2362D /* Color.swift */ = {isa = PBXFileReference; lastKnownFileType = sourcecode.swift; name = Color.swift; path = HabBuddy/Extensions/Color.swift; sourceTree = SOURCE_ROOT; };
		4A6577C42A1F777800A1E510 /* HabBuddy.app */ = {isa = PBXFileReference; explicitFileType = wrapper.application; includeInIndex = 0; path = HabBuddy.app; sourceTree = BUILT_PRODUCTS_DIR; };
		4A6577C72A1F777800A1E510 /* HabBuddyApp.swift */ = {isa = PBXFileReference; lastKnownFileType = sourcecode.swift; path = HabBuddyApp.swift; sourceTree = "<group>"; };
		4A6577CB2A1F777900A1E510 /* Assets.xcassets */ = {isa = PBXFileReference; lastKnownFileType = folder.assetcatalog; path = Assets.xcassets; sourceTree = "<group>"; };
		4A6577CE2A1F777900A1E510 /* Preview Assets.xcassets */ = {isa = PBXFileReference; lastKnownFileType = folder.assetcatalog; path = "Preview Assets.xcassets"; sourceTree = "<group>"; };
		4A6577D02A1F777900A1E510 /* HabBuddy.entitlements */ = {isa = PBXFileReference; lastKnownFileType = text.plist.entitlements; path = HabBuddy.entitlements; sourceTree = "<group>"; };
		4A6577D62A1F789A00A1E510 /* Info.plist */ = {isa = PBXFileReference; lastKnownFileType = text.plist; path = Info.plist; sourceTree = "<group>"; };
		4A70C6792A3CD08600E401D4 /* BoardingSheet.swift */ = {isa = PBXFileReference; lastKnownFileType = sourcecode.swift; path = BoardingSheet.swift; sourceTree = "<group>"; };
		4A7D77D92A2A28C9003D4F57 /* ThingsListView.swift */ = {isa = PBXFileReference; lastKnownFileType = sourcecode.swift; path = ThingsListView.swift; sourceTree = "<group>"; };
		4A7D77DB2A2A28D7003D4F57 /* ThingsListViewModel.swift */ = {isa = PBXFileReference; lastKnownFileType = sourcecode.swift; path = ThingsListViewModel.swift; sourceTree = "<group>"; };
		4A7D77DD2A2A28EA003D4F57 /* APIService.swift */ = {isa = PBXFileReference; lastKnownFileType = sourcecode.swift; path = APIService.swift; sourceTree = "<group>"; };
		4A7D77DF2A2A290C003D4F57 /* Thing.swift */ = {isa = PBXFileReference; lastKnownFileType = sourcecode.swift; path = Thing.swift; sourceTree = "<group>"; };
		4A8611502A38C4B800B4F5DF /* RequestGenerator.swift */ = {isa = PBXFileReference; lastKnownFileType = sourcecode.swift; path = RequestGenerator.swift; sourceTree = "<group>"; };
		4AA846CC2A2B3A98001CE3A5 /* ViewModifiers.swift */ = {isa = PBXFileReference; lastKnownFileType = sourcecode.swift; path = ViewModifiers.swift; sourceTree = "<group>"; };
		4AA846CE2A2B757E001CE3A5 /* SettingsView.swift */ = {isa = PBXFileReference; lastKnownFileType = sourcecode.swift; path = SettingsView.swift; sourceTree = "<group>"; };
		4AA846D32A2B7AE0001CE3A5 /* KeyChainManager.swift */ = {isa = PBXFileReference; lastKnownFileType = sourcecode.swift; path = KeyChainManager.swift; sourceTree = "<group>"; };
		4AB080C52A30F02B00E4701A /* RefreshTimerService.swift */ = {isa = PBXFileReference; lastKnownFileType = sourcecode.swift; path = RefreshTimerService.swift; sourceTree = "<group>"; };
/* End PBXFileReference section */

/* Begin PBXFrameworksBuildPhase section */
		4A6577C12A1F777800A1E510 /* Frameworks */ = {
			isa = PBXFrameworksBuildPhase;
			buildActionMask = 2147483647;
			files = (
				4AA846D22A2B7816001CE3A5 /* KeychainAccess in Frameworks */,
			);
			runOnlyForDeploymentPostprocessing = 0;
		};
/* End PBXFrameworksBuildPhase section */

/* Begin PBXGroup section */
		4A29F4E12A3377BB006B8862 /* Reusable Views */ = {
			isa = PBXGroup;
			children = (
				4A29F4E22A3377D4006B8862 /* ListCell.swift */,
				4A2616202A3A3618007C93D2 /* CredentialsTextField.swift */,
			);
			path = "Reusable Views";
			sourceTree = "<group>";
		};
		4A6577BB2A1F777800A1E510 = {
			isa = PBXGroup;
			children = (
				4A6577C62A1F777800A1E510 /* HabBuddy */,
				4A6577C52A1F777800A1E510 /* Products */,
			);
			sourceTree = "<group>";
		};
		4A6577C52A1F777800A1E510 /* Products */ = {
			isa = PBXGroup;
			children = (
				4A6577C42A1F777800A1E510 /* HabBuddy.app */,
			);
			name = Products;
			sourceTree = "<group>";
		};
		4A6577C62A1F777800A1E510 /* HabBuddy */ = {
			isa = PBXGroup;
			children = (
				4A29F4E12A3377BB006B8862 /* Reusable Views */,
				4AA846CB2A2B3A53001CE3A5 /* Extensions */,
				4A7D77D82A2A28AA003D4F57 /* Views */,
				4A7D77D52A2A2883003D4F57 /* ViewModels */,
				4A7D77D72A2A28A1003D4F57 /* Services */,
				4A7D77D42A2A286D003D4F57 /* Models */,
				4A6577D62A1F789A00A1E510 /* Info.plist */,
				4A6577C72A1F777800A1E510 /* HabBuddyApp.swift */,
				4A6577CB2A1F777900A1E510 /* Assets.xcassets */,
				4A6577D02A1F777900A1E510 /* HabBuddy.entitlements */,
				4A6577CD2A1F777900A1E510 /* Preview Content */,
			);
			path = HabBuddy;
			sourceTree = "<group>";
		};
		4A6577CD2A1F777900A1E510 /* Preview Content */ = {
			isa = PBXGroup;
			children = (
				4A6577CE2A1F777900A1E510 /* Preview Assets.xcassets */,
			);
			path = "Preview Content";
			sourceTree = "<group>";
		};
		4A7D77D42A2A286D003D4F57 /* Models */ = {
			isa = PBXGroup;
			children = (
				4A7D77DF2A2A290C003D4F57 /* Thing.swift */,
			);
			path = Models;
			sourceTree = "<group>";
		};
		4A7D77D52A2A2883003D4F57 /* ViewModels */ = {
			isa = PBXGroup;
			children = (
				4A7D77DB2A2A28D7003D4F57 /* ThingsListViewModel.swift */,
			);
			path = ViewModels;
			sourceTree = "<group>";
		};
		4A7D77D72A2A28A1003D4F57 /* Services */ = {
			isa = PBXGroup;
			children = (
				4A7D77DD2A2A28EA003D4F57 /* APIService.swift */,
				4AA846D32A2B7AE0001CE3A5 /* KeyChainManager.swift */,
				4AB080C52A30F02B00E4701A /* RefreshTimerService.swift */,
				4A8611502A38C4B800B4F5DF /* RequestGenerator.swift */,
				4A216DEF2A3B66AD0064BA15 /* Constants.swift */,
			);
			path = Services;
			sourceTree = "<group>";
		};
		4A7D77D82A2A28AA003D4F57 /* Views */ = {
			isa = PBXGroup;
			children = (
				4A7D77D92A2A28C9003D4F57 /* ThingsListView.swift */,
				4AA846CE2A2B757E001CE3A5 /* SettingsView.swift */,
				4A70C6792A3CD08600E401D4 /* BoardingSheet.swift */,
			);
			path = Views;
			sourceTree = "<group>";
		};
		4AA846CB2A2B3A53001CE3A5 /* Extensions */ = {
			isa = PBXGroup;
			children = (
				4A4A90AE2A2B28C100B2362D /* Color.swift */,
				4AA846CC2A2B3A98001CE3A5 /* ViewModifiers.swift */,
				4A1619352A3086C300216277 /* View.swift */,
			);
			path = Extensions;
			sourceTree = "<group>";
		};
/* End PBXGroup section */

/* Begin PBXNativeTarget section */
		4A6577C32A1F777800A1E510 /* HabBuddy */ = {
			isa = PBXNativeTarget;
			buildConfigurationList = 4A6577D32A1F777900A1E510 /* Build configuration list for PBXNativeTarget "HabBuddy" */;
			buildPhases = (
				4A6577C02A1F777800A1E510 /* Sources */,
				4A6577C12A1F777800A1E510 /* Frameworks */,
				4A6577C22A1F777800A1E510 /* Resources */,
				4A6577DF2A1F870100A1E510 /* Lint */,
			);
			buildRules = (
			);
			dependencies = (
			);
			name = HabBuddy;
			packageProductDependencies = (
				4AA846D12A2B7816001CE3A5 /* KeychainAccess */,
			);
			productName = HabBuddy;
			productReference = 4A6577C42A1F777800A1E510 /* HabBuddy.app */;
			productType = "com.apple.product-type.application";
		};
/* End PBXNativeTarget section */

/* Begin PBXProject section */
		4A6577BC2A1F777800A1E510 /* Project object */ = {
			isa = PBXProject;
			attributes = {
				BuildIndependentTargetsInParallel = 1;
				LastSwiftUpdateCheck = 1430;
				LastUpgradeCheck = 1430;
				TargetAttributes = {
					4A6577C32A1F777800A1E510 = {
						CreatedOnToolsVersion = 14.3;
					};
				};
			};
			buildConfigurationList = 4A6577BF2A1F777800A1E510 /* Build configuration list for PBXProject "HABThings" */;
			compatibilityVersion = "Xcode 14.0";
			developmentRegion = en;
			hasScannedForEncodings = 0;
			knownRegions = (
				en,
				Base,
			);
			mainGroup = 4A6577BB2A1F777800A1E510;
			packageReferences = (
				4AA846D02A2B7816001CE3A5 /* XCRemoteSwiftPackageReference "KeychainAccess" */,
			);
			productRefGroup = 4A6577C52A1F777800A1E510 /* Products */;
			projectDirPath = "";
			projectRoot = "";
			targets = (
				4A6577C32A1F777800A1E510 /* HabBuddy */,
			);
		};
/* End PBXProject section */

/* Begin PBXResourcesBuildPhase section */
		4A6577C22A1F777800A1E510 /* Resources */ = {
			isa = PBXResourcesBuildPhase;
			buildActionMask = 2147483647;
			files = (
				4A6577CF2A1F777900A1E510 /* Preview Assets.xcassets in Resources */,
				4A6577CC2A1F777900A1E510 /* Assets.xcassets in Resources */,
			);
			runOnlyForDeploymentPostprocessing = 0;
		};
/* End PBXResourcesBuildPhase section */

/* Begin PBXShellScriptBuildPhase section */
		4A6577DF2A1F870100A1E510 /* Lint */ = {
			isa = PBXShellScriptBuildPhase;
			alwaysOutOfDate = 1;
			buildActionMask = 2147483647;
			files = (
			);
			inputFileListPaths = (
			);
			inputPaths = (
			);
			name = Lint;
			outputFileListPaths = (
			);
			outputPaths = (
			);
			runOnlyForDeploymentPostprocessing = 0;
			shellPath = /bin/sh;
			shellScript = "# Type a script or drag a script file from your workspace to insert its path.\nexport PATH=\"$PATH:/opt/homebrew/bin\"\nif which swiftlint >/dev/null; then\n  swiftlint\nelse\n  echo \"warning: SwiftLint not installed, download from https://github.com/realm/SwiftLint\"\nfi\n";
		};
/* End PBXShellScriptBuildPhase section */

/* Begin PBXSourcesBuildPhase section */
		4A6577C02A1F777800A1E510 /* Sources */ = {
			isa = PBXSourcesBuildPhase;
			buildActionMask = 2147483647;
			files = (
				4A7D77DE2A2A28EA003D4F57 /* APIService.swift in Sources */,
				4A4A90AF2A2B28C100B2362D /* Color.swift in Sources */,
				4AA846CF2A2B757E001CE3A5 /* SettingsView.swift in Sources */,
				4AA846CD2A2B3A98001CE3A5 /* ViewModifiers.swift in Sources */,
				4A2616212A3A3618007C93D2 /* CredentialsTextField.swift in Sources */,
				4A216DF02A3B66AD0064BA15 /* Constants.swift in Sources */,
				4AB080C62A30F02B00E4701A /* RefreshTimerService.swift in Sources */,
				4A29F4E32A3377D4006B8862 /* ListCell.swift in Sources */,
				4A7D77DC2A2A28D7003D4F57 /* ThingsListViewModel.swift in Sources */,
				4A8611512A38C4B800B4F5DF /* RequestGenerator.swift in Sources */,
				4A6577C82A1F777800A1E510 /* HabBuddyApp.swift in Sources */,
				4A1619362A3086C300216277 /* View.swift in Sources */,
				4A7D77E02A2A290C003D4F57 /* Thing.swift in Sources */,
				4A70C67A2A3CD08600E401D4 /* BoardingSheet.swift in Sources */,
				4A7D77DA2A2A28C9003D4F57 /* ThingsListView.swift in Sources */,
				4AA846D42A2B7AE1001CE3A5 /* KeyChainManager.swift in Sources */,
			);
			runOnlyForDeploymentPostprocessing = 0;
		};
/* End PBXSourcesBuildPhase section */

/* Begin XCBuildConfiguration section */
		4A6577D12A1F777900A1E510 /* Debug */ = {
			isa = XCBuildConfiguration;
			buildSettings = {
				ALWAYS_SEARCH_USER_PATHS = NO;
				CLANG_ANALYZER_NONNULL = YES;
				CLANG_ANALYZER_NUMBER_OBJECT_CONVERSION = YES_AGGRESSIVE;
				CLANG_CXX_LANGUAGE_STANDARD = "gnu++20";
				CLANG_ENABLE_MODULES = YES;
				CLANG_ENABLE_OBJC_ARC = YES;
				CLANG_ENABLE_OBJC_WEAK = YES;
				CLANG_WARN_BLOCK_CAPTURE_AUTORELEASING = YES;
				CLANG_WARN_BOOL_CONVERSION = YES;
				CLANG_WARN_COMMA = YES;
				CLANG_WARN_CONSTANT_CONVERSION = YES;
				CLANG_WARN_DEPRECATED_OBJC_IMPLEMENTATIONS = YES;
				CLANG_WARN_DIRECT_OBJC_ISA_USAGE = YES_ERROR;
				CLANG_WARN_DOCUMENTATION_COMMENTS = YES;
				CLANG_WARN_EMPTY_BODY = YES;
				CLANG_WARN_ENUM_CONVERSION = YES;
				CLANG_WARN_INFINITE_RECURSION = YES;
				CLANG_WARN_INT_CONVERSION = YES;
				CLANG_WARN_NON_LITERAL_NULL_CONVERSION = YES;
				CLANG_WARN_OBJC_IMPLICIT_RETAIN_SELF = YES;
				CLANG_WARN_OBJC_LITERAL_CONVERSION = YES;
				CLANG_WARN_OBJC_ROOT_CLASS = YES_ERROR;
				CLANG_WARN_QUOTED_INCLUDE_IN_FRAMEWORK_HEADER = YES;
				CLANG_WARN_RANGE_LOOP_ANALYSIS = YES;
				CLANG_WARN_STRICT_PROTOTYPES = YES;
				CLANG_WARN_SUSPICIOUS_MOVE = YES;
				CLANG_WARN_UNGUARDED_AVAILABILITY = YES_AGGRESSIVE;
				CLANG_WARN_UNREACHABLE_CODE = YES;
				CLANG_WARN__DUPLICATE_METHOD_MATCH = YES;
				COPY_PHASE_STRIP = NO;
				DEBUG_INFORMATION_FORMAT = dwarf;
				ENABLE_STRICT_OBJC_MSGSEND = YES;
				ENABLE_TESTABILITY = YES;
				GCC_C_LANGUAGE_STANDARD = gnu11;
				GCC_DYNAMIC_NO_PIC = NO;
				GCC_NO_COMMON_BLOCKS = YES;
				GCC_OPTIMIZATION_LEVEL = 0;
				GCC_PREPROCESSOR_DEFINITIONS = (
					"DEBUG=1",
					"$(inherited)",
				);
				GCC_WARN_64_TO_32_BIT_CONVERSION = YES;
				GCC_WARN_ABOUT_RETURN_TYPE = YES_ERROR;
				GCC_WARN_UNDECLARED_SELECTOR = YES;
				GCC_WARN_UNINITIALIZED_AUTOS = YES_AGGRESSIVE;
				GCC_WARN_UNUSED_FUNCTION = YES;
				GCC_WARN_UNUSED_VARIABLE = YES;
				MACOSX_DEPLOYMENT_TARGET = 13.3;
				MTL_ENABLE_DEBUG_INFO = INCLUDE_SOURCE;
				MTL_FAST_MATH = YES;
				ONLY_ACTIVE_ARCH = YES;
				SDKROOT = macosx;
				SWIFT_ACTIVE_COMPILATION_CONDITIONS = DEBUG;
				SWIFT_OPTIMIZATION_LEVEL = "-Onone";
			};
			name = Debug;
		};
		4A6577D22A1F777900A1E510 /* Release */ = {
			isa = XCBuildConfiguration;
			buildSettings = {
				ALWAYS_SEARCH_USER_PATHS = NO;
				CLANG_ANALYZER_NONNULL = YES;
				CLANG_ANALYZER_NUMBER_OBJECT_CONVERSION = YES_AGGRESSIVE;
				CLANG_CXX_LANGUAGE_STANDARD = "gnu++20";
				CLANG_ENABLE_MODULES = YES;
				CLANG_ENABLE_OBJC_ARC = YES;
				CLANG_ENABLE_OBJC_WEAK = YES;
				CLANG_WARN_BLOCK_CAPTURE_AUTORELEASING = YES;
				CLANG_WARN_BOOL_CONVERSION = YES;
				CLANG_WARN_COMMA = YES;
				CLANG_WARN_CONSTANT_CONVERSION = YES;
				CLANG_WARN_DEPRECATED_OBJC_IMPLEMENTATIONS = YES;
				CLANG_WARN_DIRECT_OBJC_ISA_USAGE = YES_ERROR;
				CLANG_WARN_DOCUMENTATION_COMMENTS = YES;
				CLANG_WARN_EMPTY_BODY = YES;
				CLANG_WARN_ENUM_CONVERSION = YES;
				CLANG_WARN_INFINITE_RECURSION = YES;
				CLANG_WARN_INT_CONVERSION = YES;
				CLANG_WARN_NON_LITERAL_NULL_CONVERSION = YES;
				CLANG_WARN_OBJC_IMPLICIT_RETAIN_SELF = YES;
				CLANG_WARN_OBJC_LITERAL_CONVERSION = YES;
				CLANG_WARN_OBJC_ROOT_CLASS = YES_ERROR;
				CLANG_WARN_QUOTED_INCLUDE_IN_FRAMEWORK_HEADER = YES;
				CLANG_WARN_RANGE_LOOP_ANALYSIS = YES;
				CLANG_WARN_STRICT_PROTOTYPES = YES;
				CLANG_WARN_SUSPICIOUS_MOVE = YES;
				CLANG_WARN_UNGUARDED_AVAILABILITY = YES_AGGRESSIVE;
				CLANG_WARN_UNREACHABLE_CODE = YES;
				CLANG_WARN__DUPLICATE_METHOD_MATCH = YES;
				COPY_PHASE_STRIP = NO;
				DEBUG_INFORMATION_FORMAT = "dwarf-with-dsym";
				ENABLE_NS_ASSERTIONS = NO;
				ENABLE_STRICT_OBJC_MSGSEND = YES;
				GCC_C_LANGUAGE_STANDARD = gnu11;
				GCC_NO_COMMON_BLOCKS = YES;
				GCC_WARN_64_TO_32_BIT_CONVERSION = YES;
				GCC_WARN_ABOUT_RETURN_TYPE = YES_ERROR;
				GCC_WARN_UNDECLARED_SELECTOR = YES;
				GCC_WARN_UNINITIALIZED_AUTOS = YES_AGGRESSIVE;
				GCC_WARN_UNUSED_FUNCTION = YES;
				GCC_WARN_UNUSED_VARIABLE = YES;
				MACOSX_DEPLOYMENT_TARGET = 13.3;
				MTL_ENABLE_DEBUG_INFO = NO;
				MTL_FAST_MATH = YES;
				SDKROOT = macosx;
				SWIFT_COMPILATION_MODE = wholemodule;
				SWIFT_OPTIMIZATION_LEVEL = "-O";
			};
			name = Release;
		};
		4A6577D42A1F777900A1E510 /* Debug */ = {
			isa = XCBuildConfiguration;
			buildSettings = {
				ASSETCATALOG_COMPILER_APPICON_NAME = AppIcon;
				ASSETCATALOG_COMPILER_GLOBAL_ACCENT_COLOR_NAME = AccentColor;
				CODE_SIGN_ENTITLEMENTS = HabBuddy/HabBuddy.entitlements;
				CODE_SIGN_STYLE = Automatic;
				COMBINE_HIDPI_IMAGES = YES;
				CURRENT_PROJECT_VERSION = 1;
				DEVELOPMENT_ASSET_PATHS = "\"HabBuddy/Preview Content\"";
				DEVELOPMENT_TEAM = 94SBGYCF6F;
				ENABLE_HARDENED_RUNTIME = YES;
				ENABLE_PREVIEWS = YES;
				GENERATE_INFOPLIST_FILE = YES;
				INFOPLIST_FILE = HabBuddy/Info.plist;
				INFOPLIST_KEY_LSUIElement = YES;
				INFOPLIST_KEY_NSHumanReadableCopyright = "";
				LD_RUNPATH_SEARCH_PATHS = (
					"$(inherited)",
					"@executable_path/../Frameworks",
				);
				MACOSX_DEPLOYMENT_TARGET = 13.0;
				MARKETING_VERSION = 1.0;
				PRODUCT_BUNDLE_IDENTIFIER = de.stephanweber.HabBuddy;
				PRODUCT_NAME = "$(TARGET_NAME)";
				SWIFT_EMIT_LOC_STRINGS = YES;
				SWIFT_VERSION = 5.0;
			};
			name = Debug;
		};
		4A6577D52A1F777900A1E510 /* Release */ = {
			isa = XCBuildConfiguration;
			buildSettings = {
				ASSETCATALOG_COMPILER_APPICON_NAME = AppIcon;
				ASSETCATALOG_COMPILER_GLOBAL_ACCENT_COLOR_NAME = AccentColor;
				CODE_SIGN_ENTITLEMENTS = HabBuddy/HabBuddy.entitlements;
				CODE_SIGN_STYLE = Automatic;
				COMBINE_HIDPI_IMAGES = YES;
				CURRENT_PROJECT_VERSION = 1;
				DEVELOPMENT_ASSET_PATHS = "\"HabBuddy/Preview Content\"";
				DEVELOPMENT_TEAM = 94SBGYCF6F;
				ENABLE_HARDENED_RUNTIME = YES;
				ENABLE_PREVIEWS = YES;
				GENERATE_INFOPLIST_FILE = YES;
				INFOPLIST_FILE = HabBuddy/Info.plist;
				INFOPLIST_KEY_LSUIElement = YES;
				INFOPLIST_KEY_NSHumanReadableCopyright = "";
				LD_RUNPATH_SEARCH_PATHS = (
					"$(inherited)",
					"@executable_path/../Frameworks",
				);
				MACOSX_DEPLOYMENT_TARGET = 13.0;
				MARKETING_VERSION = 1.0;
				PRODUCT_BUNDLE_IDENTIFIER = de.stephanweber.HabBuddy;
				PRODUCT_NAME = "$(TARGET_NAME)";
				SWIFT_EMIT_LOC_STRINGS = YES;
				SWIFT_VERSION = 5.0;
			};
			name = Release;
		};
/* End XCBuildConfiguration section */

/* Begin XCConfigurationList section */
		4A6577BF2A1F777800A1E510 /* Build configuration list for PBXProject "HABThings" */ = {
			isa = XCConfigurationList;
			buildConfigurations = (
				4A6577D12A1F777900A1E510 /* Debug */,
				4A6577D22A1F777900A1E510 /* Release */,
			);
			defaultConfigurationIsVisible = 0;
			defaultConfigurationName = Release;
		};
		4A6577D32A1F777900A1E510 /* Build configuration list for PBXNativeTarget "HabBuddy" */ = {
			isa = XCConfigurationList;
			buildConfigurations = (
				4A6577D42A1F777900A1E510 /* Debug */,
				4A6577D52A1F777900A1E510 /* Release */,
			);
			defaultConfigurationIsVisible = 0;
			defaultConfigurationName = Release;
		};
/* End XCConfigurationList section */

/* Begin XCRemoteSwiftPackageReference section */
		4AA846D02A2B7816001CE3A5 /* XCRemoteSwiftPackageReference "KeychainAccess" */ = {
			isa = XCRemoteSwiftPackageReference;
			repositoryURL = "https://github.com/kishikawakatsumi/KeychainAccess";
			requirement = {
				branch = master;
				kind = branch;
			};
		};
/* End XCRemoteSwiftPackageReference section */

/* Begin XCSwiftPackageProductDependency section */
		4AA846D12A2B7816001CE3A5 /* KeychainAccess */ = {
			isa = XCSwiftPackageProductDependency;
			package = 4AA846D02A2B7816001CE3A5 /* XCRemoteSwiftPackageReference "KeychainAccess" */;
			productName = KeychainAccess;
		};
/* End XCSwiftPackageProductDependency section */
	};
	rootObject = 4A6577BC2A1F777800A1E510 /* Project object */;
}
